
Microsoft Visual Studio Solution File, Format Version 12.00
# Visual Studio Version 16
VisualStudioVersion = 16.0.31515.178
MinimumVisualStudioVersion = 10.0.40219.1
Project("{FAE04EC0-301F-11D3-BF4B-00C04F79EFBC}") = "Deprivatizer.Cmd", "Deprivatizer.Console\Deprivatizer.Cmd.csproj", "{1755CEBB-81FA-43F7-83FA-061F82EA8E3E}"
EndProject
Global
	GlobalSection(SolutionConfigurationPlatforms) = preSolution
		Debug|Any CPU = Debug|Any CPU
		Release|Any CPU = Release|Any CPU
	EndGlobalSection
	GlobalSection(ProjectConfigurationPlatforms) = postSolution
		{1755CEBB-81FA-43F7-83FA-061F82EA8E3E}.Debug|Any CPU.ActiveCfg = Debug|Any CPU
		{1755CEBB-81FA-43F7-83FA-061F82EA8E3E}.Debug|Any CPU.Build.0 = Debug|Any CPU
		{1755CEBB-81FA-43F7-83FA-061F82EA8E3E}.Release|Any CPU.ActiveCfg = Release|Any CPU
		{1755CEBB-81FA-43F7-83FA-061F82EA8E3E}.Release|Any CPU.Build.0 = Release|Any CPU
	EndGlobalSection
	GlobalSection(SolutionProperties) = preSolution
		HideSolutionNode = FALSE
	EndGlobalSection
	GlobalSection(ExtensibilityGlobals) = postSolution
		SolutionGuid = {53C493D7-6A47-467E-A702-F05C55B8B995}
	EndGlobalSection
EndGlobal
